<?xml version="1.0" encoding="utf-8"?>
<Project ToolsVersion="4.0" xmlns="http://schemas.microsoft.com/developer/msbuild/2003">
  <ItemGroup>
    <Filter Include="源文件">
      <UniqueIdentifier>{4FC737F1-C7A5-4376-A066-2A32D752A2FF}</UniqueIdentifier>
      <Extensions>cpp;c;cc;cxx;def;odl;idl;hpj;bat;asm;asmx</Extensions>
    </Filter>
    <Filter Include="头文件">
      <UniqueIdentifier>{93995380-89BD-4b04-88EB-625FBE52EBFB}</UniqueIdentifier>
      <Extensions>h;hpp;hxx;hm;inl;inc;xsd</Extensions>
    </Filter>
    <Filter Include="资源文件">
      <UniqueIdentifier>{67DA6AB6-F800-4c08-8B7A-83BB121AAD01}</UniqueIdentifier>
      <Extensions>rc;ico;cur;bmp;dlg;rc2;rct;bin;rgs;gif;jpg;jpeg;jpe;resx;tiff;tif;png;wav</Extensions>
    </Filter>
    <Filter Include="threadManage">
      <UniqueIdentifier>{5c9556b1-b0fd-4f54-8adf-21c5688619cd}</UniqueIdentifier>
    </Filter>
    <Filter Include="database">
      <UniqueIdentifier>{5ba329c8-f41c-4ab9-9a12-cdab3356a174}</UniqueIdentifier>
    </Filter>
    <Filter Include="log">
      <UniqueIdentifier>{926718ed-bc89-4679-a3b2-7fc9aaaa6217}</UniqueIdentifier>
    </Filter>
    <Filter Include="para">
      <UniqueIdentifier>{4dc7bf37-2e99-4c1f-a365-3e2898d4fe74}</UniqueIdentifier>
    </Filter>
    <Filter Include="timetask">
      <UniqueIdentifier>{fc141050-e175-480c-8d1f-32cb7c5f3881}</UniqueIdentifier>
    </Filter>
    <Filter Include="utility">
      <UniqueIdentifier>{7d0159f2-71b5-44d2-b200-df727a484899}</UniqueIdentifier>
    </Filter>
    <Filter Include="jobs">
      <UniqueIdentifier>{f6875977-840b-4417-974e-b69f4ef9c161}</UniqueIdentifier>
    </Filter>
    <Filter Include="webservice">
      <UniqueIdentifier>{0bbdbc78-e84f-42f8-854f-9070ddb71ab3}</UniqueIdentifier>
    </Filter>
    <Filter Include="contentcheck">
      <UniqueIdentifier>{83fe04bb-2437-4e7e-87fc-5f4c8058b617}</UniqueIdentifier>
    </Filter>
    <Filter Include="Server">
      <UniqueIdentifier>{3672f82c-198d-4810-acc4-545d802f13fe}</UniqueIdentifier>
    </Filter>
  </ItemGroup>
  <ItemGroup>
    <ClCompile Include="..\..\IMonitor.cpp">
      <Filter>源文件</Filter>
    </ClCompile>
    <ClCompile Include="..\..\threadManage\C_ThreadManage.cpp">
      <Filter>threadManage</Filter>
    </ClCompile>
    <ClCompile Include="..\..\database\CppMySQL3DB.cpp">
      <Filter>database</Filter>
    </ClCompile>
    <ClCompile Include="..\..\database\CppMySQLQuery.cpp">
      <Filter>database</Filter>
    </ClCompile>
    <ClCompile Include="..\..\log\C_AdditionalLog.cpp">
      <Filter>log</Filter>
    </ClCompile>
    <ClCompile Include="..\..\log\C_LogManage.cpp">
      <Filter>log</Filter>
    </ClCompile>
    <ClCompile Include="..\..\log\LogManage.cpp">
      <Filter>log</Filter>
    </ClCompile>
    <ClCompile Include="..\..\para\C_Para.cpp">
      <Filter>para</Filter>
    </ClCompile>
    <ClCompile Include="..\..\para\C_RunPara.cpp">
      <Filter>para</Filter>
    </ClCompile>
    <ClCompile Include="..\..\para\ec_config.cpp">
      <Filter>para</Filter>
    </ClCompile>
    <ClCompile Include="..\..\timeTask\C_Task.cpp">
      <Filter>timetask</Filter>
    </ClCompile>
    <ClCompile Include="..\..\timeTask\C_TaskList.cpp">
      <Filter>timetask</Filter>
    </ClCompile>
    <ClCompile Include="..\..\utility\C_HttpParser.cpp">
      <Filter>utility</Filter>
    </ClCompile>
    <ClCompile Include="..\..\utility\C_LocalTime.cpp">
      <Filter>utility</Filter>
    </ClCompile>
    <ClCompile Include="..\..\utility\C_TcpSocket.cpp">
      <Filter>utility</Filter>
    </ClCompile>
    <ClCompile Include="..\..\utility\C_TcpTransport.cpp">
      <Filter>utility</Filter>
    </ClCompile>
    <ClCompile Include="..\..\utility\C_Time.cpp">
      <Filter>utility</Filter>
    </ClCompile>
    <ClCompile Include="..\..\jobs\C_Hall.cpp">
      <Filter>jobs</Filter>
    </ClCompile>
    <ClCompile Include="..\..\jobs\C_HallList.cpp">
      <Filter>jobs</Filter>
    </ClCompile>
    <ClCompile Include="..\..\jobs\check_netcard.cpp">
      <Filter>jobs</Filter>
    </ClCompile>
    <ClCompile Include="..\..\jobs\CheckDisk.cpp">
      <Filter>jobs</Filter>
    </ClCompile>
    <ClCompile Include="..\..\jobs\DataManager.cpp">
      <Filter>jobs</Filter>
    </ClCompile>
    <ClCompile Include="..\..\jobs\Dispatch.cpp">
      <Filter>jobs</Filter>
    </ClCompile>
    <ClCompile Include="..\..\jobs\FileOperator.cpp">
      <Filter>jobs</Filter>
    </ClCompile>
    <ClCompile Include="..\..\jobs\HashCheck.cpp">
      <Filter>jobs</Filter>
    </ClCompile>
    <ClCompile Include="..\..\jobs\Invoke.cpp">
      <Filter>jobs</Filter>
    </ClCompile>
    <ClCompile Include="..\..\jobs\MonitorSensor.cpp">
      <Filter>jobs</Filter>
    </ClCompile>
    <ClCompile Include="..\..\jobs\TMSSensor.cpp">
      <Filter>jobs</Filter>
    </ClCompile>
    <ClCompile Include="..\..\webservice\C_SoapFunction.cpp">
      <Filter>webservice</Filter>
    </ClCompile>
    <ClCompile Include="..\..\webservice\C_SoapServer.cpp">
      <Filter>webservice</Filter>
    </ClCompile>
    <ClCompile Include="..\..\webservice\soapC.cpp">
      <Filter>webservice</Filter>
    </ClCompile>
    <ClCompile Include="..\..\webservice\soapServer.cpp">
      <Filter>webservice</Filter>
    </ClCompile>
    <ClCompile Include="..\..\webservice\stdsoap2.cpp">
      <Filter>webservice</Filter>
    </ClCompile>
    <ClCompile Include="..\..\contentcheck\base64.cpp">
      <Filter>contentcheck</Filter>
    </ClCompile>
    <ClCompile Include="..\..\contentcheck\C_Satellite.cpp">
      <Filter>contentcheck</Filter>
    </ClCompile>
    <ClCompile Include="..\..\contentcheck\C_SatXmlParser.cpp">
      <Filter>contentcheck</Filter>
    </ClCompile>
    <ClCompile Include="..\..\contentcheck\content.cpp">
      <Filter>contentcheck</Filter>
    </ClCompile>
    <ClCompile Include="..\..\contentcheck\crc32.cpp">
      <Filter>contentcheck</Filter>
    </ClCompile>
    <ClCompile Include="..\..\contentcheck\DcpInfo.cpp">
      <Filter>contentcheck</Filter>
    </ClCompile>
    <ClCompile Include="..\..\contentcheck\FtpClient.cpp">
      <Filter>contentcheck</Filter>
    </ClCompile>
    <ClCompile Include="..\..\contentcheck\fun.cpp">
      <Filter>contentcheck</Filter>
    </ClCompile>
    <ClCompile Include="..\..\contentcheck\HashInfo.cpp">
      <Filter>contentcheck</Filter>
    </ClCompile>
    <ClCompile Include="..\..\contentcheck\md5.c">
      <Filter>contentcheck</Filter>
    </ClCompile>
    <ClCompile Include="..\..\contentcheck\PKLInfo.cpp">
      <Filter>contentcheck</Filter>
    </ClCompile>
    <ClCompile Include="..\..\contentcheck\sha1.cpp">
      <Filter>contentcheck</Filter>
    </ClCompile>
    <ClCompile Include="..\..\Server\C_FileCopyProtocolServer.cpp">
      <Filter>Server</Filter>
    </ClCompile>
    <ClCompile Include="..\..\Server\C_FileCopyProtSerProxy.cpp">
      <Filter>Server</Filter>
    </ClCompile>
    <ClCompile Include="..\..\Server\C_FileOperationsTool.cpp">
      <Filter>Server</Filter>
    </ClCompile>
    <ClCompile Include="..\..\Server\C_Log.cpp">
      <Filter>Server</Filter>
    </ClCompile>
    <ClCompile Include="..\..\Server\C_RecvDataObserverImp.cpp">
      <Filter>Server</Filter>
    </ClCompile>
    <ClCompile Include="..\..\Server\C_TcpServer.cpp">
      <Filter>Server</Filter>
    </ClCompile>
    <ClCompile Include="..\..\Server\C_WriteDataThread.cpp">
      <Filter>Server</Filter>
    </ClCompile>
  </ItemGroup>
  <ItemGroup>
    <ClInclude Include="..\..\C_constDef.h">
      <Filter>头文件</Filter>
    </ClInclude>
    <ClInclude Include="..\..\C_ErrorDef.h">
      <Filter>头文件</Filter>
    </ClInclude>
    <ClInclude Include="..\..\threadManage\C_CS.h">
      <Filter>threadManage</Filter>
    </ClInclude>
    <ClInclude Include="..\..\threadManage\C_ThreadData.h">
      <Filter>threadManage</Filter>
    </ClInclude>
    <ClInclude Include="..\..\threadManage\C_ThreadManage.h">
      <Filter>threadManage</Filter>
    </ClInclude>
    <ClInclude Include="..\..\database\CppMySQL3DB.h">
      <Filter>database</Filter>
    </ClInclude>
    <ClInclude Include="..\..\database\CppMySQLQuery.h">
      <Filter>database</Filter>
    </ClInclude>
    <ClInclude Include="..\..\log\C_AdditionalLog.h">
      <Filter>log</Filter>
    </ClInclude>
    <ClInclude Include="..\..\log\C_LogManage.h">
      <Filter>log</Filter>
    </ClInclude>
    <ClInclude Include="..\..\log\LogManage.h">
      <Filter>log</Filter>
    </ClInclude>
    <ClInclude Include="..\..\para\C_Para.h">
      <Filter>para</Filter>
    </ClInclude>
    <ClInclude Include="..\..\para\C_RunPara.h">
      <Filter>para</Filter>
    </ClInclude>
    <ClInclude Include="..\..\para\ec_config.h">
      <Filter>para</Filter>
    </ClInclude>
    <ClInclude Include="..\..\timeTask\C_Task.h">
      <Filter>timetask</Filter>
    </ClInclude>
    <ClInclude Include="..\..\timeTask\C_TaskList.h">
      <Filter>timetask</Filter>
    </ClInclude>
    <ClInclude Include="..\..\utility\C_HttpParser.h">
      <Filter>utility</Filter>
    </ClInclude>
    <ClInclude Include="..\..\utility\C_LocalTime.h">
      <Filter>utility</Filter>
    </ClInclude>
    <ClInclude Include="..\..\utility\C_TcpSocket.h">
      <Filter>utility</Filter>
    </ClInclude>
    <ClInclude Include="..\..\utility\C_TcpTransport.h">
      <Filter>utility</Filter>
    </ClInclude>
    <ClInclude Include="..\..\utility\C_Time.h">
      <Filter>utility</Filter>
    </ClInclude>
    <ClInclude Include="..\..\jobs\C_Hall.h">
      <Filter>jobs</Filter>
    </ClInclude>
    <ClInclude Include="..\..\jobs\C_HallList.h">
      <Filter>jobs</Filter>
    </ClInclude>
    <ClInclude Include="..\..\jobs\check_netcard.h">
      <Filter>jobs</Filter>
    </ClInclude>
    <ClInclude Include="..\..\jobs\CheckDisk.h">
      <Filter>jobs</Filter>
    </ClInclude>
    <ClInclude Include="..\..\jobs\DataManager.h">
      <Filter>jobs</Filter>
    </ClInclude>
    <ClInclude Include="..\..\jobs\Dispatch.h">
      <Filter>jobs</Filter>
    </ClInclude>
    <ClInclude Include="..\..\jobs\FileOperator.h">
      <Filter>jobs</Filter>
    </ClInclude>
    <ClInclude Include="..\..\jobs\HashCheck.h">
      <Filter>jobs</Filter>
    </ClInclude>
    <ClInclude Include="..\..\jobs\Invoke.h">
      <Filter>jobs</Filter>
    </ClInclude>
    <ClInclude Include="..\..\jobs\MonitorSensor.h">
      <Filter>jobs</Filter>
    </ClInclude>
    <ClInclude Include="..\..\jobs\TMSSensor.h">
      <Filter>jobs</Filter>
    </ClInclude>
    <ClInclude Include="..\..\webservice\C_SoapServer.h">
      <Filter>webservice</Filter>
    </ClInclude>
    <ClInclude Include="..\..\webservice\soapH.h">
      <Filter>webservice</Filter>
    </ClInclude>
    <ClInclude Include="..\..\webservice\soapStub.h">
      <Filter>webservice</Filter>
    </ClInclude>
    <ClInclude Include="..\..\webservice\stdsoap2.h">
      <Filter>webservice</Filter>
    </ClInclude>
    <ClInclude Include="..\..\webservice\webservice.h">
      <Filter>webservice</Filter>
    </ClInclude>
    <ClInclude Include="..\..\contentcheck\base64.h">
      <Filter>contentcheck</Filter>
    </ClInclude>
    <ClInclude Include="..\..\contentcheck\C_Satellite.h">
      <Filter>contentcheck</Filter>
    </ClInclude>
    <ClInclude Include="..\..\contentcheck\C_SatXmlParser.h">
      <Filter>contentcheck</Filter>
    </ClInclude>
    <ClInclude Include="..\..\contentcheck\content.h">
      <Filter>contentcheck</Filter>
    </ClInclude>
    <ClInclude Include="..\..\contentcheck\crc32.h">
      <Filter>contentcheck</Filter>
    </ClInclude>
    <ClInclude Include="..\..\contentcheck\DcpInfo.h">
      <Filter>contentcheck</Filter>
    </ClInclude>
    <ClInclude Include="..\..\contentcheck\errdef.h">
      <Filter>contentcheck</Filter>
    </ClInclude>
    <ClInclude Include="..\..\contentcheck\FtpClient.h">
      <Filter>contentcheck</Filter>
    </ClInclude>
    <ClInclude Include="..\..\contentcheck\fun.h">
      <Filter>contentcheck</Filter>
    </ClInclude>
    <ClInclude Include="..\..\contentcheck\HashInfo.h">
      <Filter>contentcheck</Filter>
    </ClInclude>
    <ClInclude Include="..\..\contentcheck\md5.h">
      <Filter>contentcheck</Filter>
    </ClInclude>
    <ClInclude Include="..\..\contentcheck\PKLInfo.h">
      <Filter>contentcheck</Filter>
    </ClInclude>
    <ClInclude Include="..\..\contentcheck\sha1.h">
      <Filter>contentcheck</Filter>
    </ClInclude>
    <ClInclude Include="..\..\contentcheck\socket_err.h">
      <Filter>contentcheck</Filter>
    </ClInclude>
    <ClInclude Include="..\..\Server\C_FileCopyProtocolServer.h">
      <Filter>Server</Filter>
    </ClInclude>
    <ClInclude Include="..\..\Server\C_FileCopyProtSerProxy.h">
      <Filter>Server</Filter>
    </ClInclude>
    <ClInclude Include="..\..\Server\C_FileOperationsTool.h">
      <Filter>Server</Filter>
    </ClInclude>
    <ClInclude Include="..\..\Server\C_ITcpSserver.h">
      <Filter>Server</Filter>
    </ClInclude>
    <ClInclude Include="..\..\Server\C_Log.h">
      <Filter>Server</Filter>
    </ClInclude>
    <ClInclude Include="..\..\Server\C_RecvDataObserverImp.h">
      <Filter>Server</Filter>
    </ClInclude>
    <ClInclude Include="..\..\Server\C_TcpServer.h">
      <Filter>Server</Filter>
    </ClInclude>
    <ClInclude Include="..\..\Server\ConstDef.h">
      <Filter>Server</Filter>
    </ClInclude>
    <ClInclude Include="..\..\Server\C_WriteDataThread.h">
      <Filter>Server</Filter>
    </ClInclude>
    <ClInclude Include="..\..\Server\CircularQueue.h">
      <Filter>Server</Filter>
    </ClInclude>
  </ItemGroup>
</Project>